lockfileVersion: '9.0'

settings:
  autoInstallPeers: true
  excludeLinksFromLockfile: false

importers:

  .:
    devDependencies:
      '@unicode/unicode-16.0.0':
        specifier: 1.0.0
        version: 1.0.0
      typescript:
        specifier: ^5.5.4
        version: 5.5.4

packages:

  '@unicode/unicode-16.0.0@1.0.0':
    resolution: {integrity: sha512-8LZGv1HXqbdtsuX6uw34BwYQRw6Qdb/j0wYa72zgN7xMxaZi1Pqf4LyBjLlOf+Zq+fITFGFLgVDFmWUQn1MKfg==}

  typescript@5.5.4:
    resolution: {integrity: sha512-Mtq29sKDAEYP7aljRgtPOpTvOfbwRWlS6dPRzwjdE+C0R4brX/GUyhHSecbHMFLNBLcJIPt9nl9yG5TZ1weH+Q==}
    engines: {node: '>=14.17'}
    hasBin: true

snapshots:

  '@unicode/unicode-16.0.0@1.0.0': {}

  typescript@5.5.4: {}
