lockfileVersion: '9.0'

settings:
  autoInstallPeers: true
  excludeLinksFromLockfile: false

importers:

  .:
    devDependencies:
      '@unicode/unicode-17.0.0':
        specifier: 1.6.10
        version: 1.6.10
      typescript:
        specifier: ^5.9.2
        version: 5.9.2

packages:

  '@unicode/unicode-17.0.0@1.6.10':
    resolution: {integrity: sha512-S7PiUZrddefRHhdlnsKXCsh/JiNqIW2/1do+8YKRoopYoVEX5eoRhQ86YDg+ik6yfi591NjYX7OanhkcxcaaZg==}

  typescript@5.9.2:
    resolution: {integrity: sha512-CWBzXQrc/qOkhidw1OzBTQuYRbfyxDXJMVJ1XNwUHGROVmuaeiEm3OslpZ1RV96d7SKKjZKrSJu3+t/xlw3R9A==}
    engines: {node: '>=14.17'}
    hasBin: true

snapshots:

  '@unicode/unicode-17.0.0@1.6.10': {}

  typescript@5.9.2: {}
